// !$*UTF8*$!
{
	archiveVersion = 1;
	classes = {
	};
	objectVersion = 60;
	objects = {

/* Begin PBXBuildFile section */
		6CFECD0C2C332EA6005B527A /* restaurant_recommendationApp.swift in Sources */ = {isa = PBXBuildFile; fileRef = 6CFECD0B2C332EA6005B527A /* restaurant_recommendationApp.swift */; };
		6CFECD0E2C332EA6005B527A /* ContentView.swift in Sources */ = {isa = PBXBuildFile; fileRef = 6CFECD0D2C332EA6005B527A /* ContentView.swift */; };
		6CFECD102C332EA8005B527A /* Assets.xcassets in Resources */ = {isa = PBXBuildFile; fileRef = 6CFECD0F2C332EA8005B527A /* Assets.xcassets */; };
		6CFECD132C332EA8005B527A /* Preview Assets.xcassets in Resources */ = {isa = PBXBuildFile; fileRef = 6CFECD122C332EA8005B527A /* Preview Assets.xcassets */; };
		6CFECD1D2C332EA8005B527A /* restaurant_recommendationTests.swift in Sources */ = {isa = PBXBuildFile; fileRef = 6CFECD1C2C332EA8005B527A /* restaurant_recommendationTests.swift */; };
		6CFECD272C332EA8005B527A /* restaurant_recommendationUITests.swift in Sources */ = {isa = PBXBuildFile; fileRef = 6CFECD262C332EA8005B527A /* restaurant_recommendationUITests.swift */; };
		6CFECD292C332EA8005B527A /* restaurant_recommendationUITestsLaunchTests.swift in Sources */ = {isa = PBXBuildFile; fileRef = 6CFECD282C332EA8005B527A /* restaurant_recommendationUITestsLaunchTests.swift */; };
/* End PBXBuildFile section */

/* Begin PBXContainerItemProxy section */
		6CFECD192C332EA8005B527A /* PBXContainerItemProxy */ = {
			isa = PBXContainerItemProxy;
			containerPortal = 6CFECD002C332EA6005B527A /* Project object */;
			proxyType = 1;
			remoteGlobalIDString = 6CFECD072C332EA6005B527A;
			remoteInfo = "restaurant-recommendation";
		};
		6CFECD232C332EA8005B527A /* PBXContainerItemProxy */ = {
			isa = PBXContainerItemProxy;
			containerPortal = 6CFECD002C332EA6005B527A /* Project object */;
			proxyType = 1;
			remoteGlobalIDString = 6CFECD072C332EA6005B527A;
			remoteInfo = "restaurant-recommendation";
		};
/* End PBXContainerItemProxy section */

/* Begin PBXFileReference section */
		6CFECD082C332EA6005B527A /* restaurant-recommendation.app */ = {isa = PBXFileReference; explicitFileType = wrapper.application; includeInIndex = 0; path = "restaurant-recommendation.app"; sourceTree = BUILT_PRODUCTS_DIR; };
		6CFECD0B2C332EA6005B527A /* restaurant_recommendationApp.swift */ = {isa = PBXFileReference; lastKnownFileType = sourcecode.swift; path = restaurant_recommendationApp.swift; sourceTree = "<group>"; };
		6CFECD0D2C332EA6005B527A /* ContentView.swift */ = {isa = PBXFileReference; lastKnownFileType = sourcecode.swift; path = ContentView.swift; sourceTree = "<group>"; };
		6CFECD0F2C332EA8005B527A /* Assets.xcassets */ = {isa = PBXFileReference; lastKnownFileType = folder.assetcatalog; path = Assets.xcassets; sourceTree = "<group>"; };
		6CFECD122C332EA8005B527A /* Preview Assets.xcassets */ = {isa = PBXFileReference; lastKnownFileType = folder.assetcatalog; path = "Preview Assets.xcassets"; sourceTree = "<group>"; };
		6CFECD182C332EA8005B527A /* restaurant-recommendationTests.xctest */ = {isa = PBXFileReference; explicitFileType = wrapper.cfbundle; includeInIndex = 0; path = "restaurant-recommendationTests.xctest"; sourceTree = BUILT_PRODUCTS_DIR; };
		6CFECD1C2C332EA8005B527A /* restaurant_recommendationTests.swift */ = {isa = PBXFileReference; lastKnownFileType = sourcecode.swift; path = restaurant_recommendationTests.swift; sourceTree = "<group>"; };
		6CFECD222C332EA8005B527A /* restaurant-recommendationUITests.xctest */ = {isa = PBXFileReference; explicitFileType = wrapper.cfbundle; includeInIndex = 0; path = "restaurant-recommendationUITests.xctest"; sourceTree = BUILT_PRODUCTS_DIR; };
		6CFECD262C332EA8005B527A /* restaurant_recommendationUITests.swift */ = {isa = PBXFileReference; lastKnownFileType = sourcecode.swift; path = restaurant_recommendationUITests.swift; sourceTree = "<group>"; };
		6CFECD282C332EA8005B527A /* restaurant_recommendationUITestsLaunchTests.swift */ = {isa = PBXFileReference; lastKnownFileType = sourcecode.swift; path = restaurant_recommendationUITestsLaunchTests.swift; sourceTree = "<group>"; };
/* End PBXFileReference section */

/* Begin PBXFrameworksBuildPhase section */
		6CFECD052C332EA6005B527A /* Frameworks */ = {
			isa = PBXFrameworksBuildPhase;
			buildActionMask = 2147483647;
			files = (
			);
			runOnlyForDeploymentPostprocessing = 0;
		};
		6CFECD152C332EA8005B527A /* Frameworks */ = {
			isa = PBXFrameworksBuildPhase;
			buildActionMask = 2147483647;
			files = (
			);
			runOnlyForDeploymentPostprocessing = 0;
		};
		6CFECD1F2C332EA8005B527A /* Frameworks */ = {
			isa = PBXFrameworksBuildPhase;
			buildActionMask = 2147483647;
			files = (
			);
			runOnlyForDeploymentPostprocessing = 0;
		};
/* End PBXFrameworksBuildPhase section */

/* Begin PBXGroup section */
		6CFECCFF2C332EA6005B527A = {
			isa = PBXGroup;
			children = (
				6CFECD0A2C332EA6005B527A /* restaurant-recommendation */,
				6CFECD1B2C332EA8005B527A /* restaurant-recommendationTests */,
				6CFECD252C332EA8005B527A /* restaurant-recommendationUITests */,
				6CFECD092C332EA6005B527A /* Products */,
			);
			sourceTree = "<group>";
		};
		6CFECD092C332EA6005B527A /* Products */ = {
			isa = PBXGroup;
			children = (
				6CFECD082C332EA6005B527A /* restaurant-recommendation.app */,
				6CFECD182C332EA8005B527A /* restaurant-recommendationTests.xctest */,
				6CFECD222C332EA8005B527A /* restaurant-recommendationUITests.xctest */,
			);
			name = Products;
			sourceTree = "<group>";
		};
		6CFECD0A2C332EA6005B527A /* restaurant-recommendation */ = {
			isa = PBXGroup;
			children = (
				6CFECD0B2C332EA6005B527A /* restaurant_recommendationApp.swift */,
				6CFECD0D2C332EA6005B527A /* ContentView.swift */,
				6CFECD0F2C332EA8005B527A /* Assets.xcassets */,
				6CFECD112C332EA8005B527A /* Preview Content */,
			);
			path = "restaurant-recommendation";
			sourceTree = "<group>";
		};
		6CFECD112C332EA8005B527A /* Preview Content */ = {
			isa = PBXGroup;
			children = (
				6CFECD122C332EA8005B527A /* Preview Assets.xcassets */,
			);
			path = "Preview Content";
			sourceTree = "<group>";
		};
		6CFECD1B2C332EA8005B527A /* restaurant-recommendationTests */ = {
			isa = PBXGroup;
			children = (
				6CFECD1C2C332EA8005B527A /* restaurant_recommendationTests.swift */,
			);
			path = "restaurant-recommendationTests";
			sourceTree = "<group>";
		};
		6CFECD252C332EA8005B527A /* restaurant-recommendationUITests */ = {
			isa = PBXGroup;
			children = (
				6CFECD262C332EA8005B527A /* restaurant_recommendationUITests.swift */,
				6CFECD282C332EA8005B527A /* restaurant_recommendationUITestsLaunchTests.swift */,
			);
			path = "restaurant-recommendationUITests";
			sourceTree = "<group>";
		};
/* End PBXGroup section */

/* Begin PBXNativeTarget section */
		6CFECD072C332EA6005B527A /* restaurant-recommendation */ = {
			isa = PBXNativeTarget;
			buildConfigurationList = 6CFECD2C2C332EA8005B527A /* Build configuration list for PBXNativeTarget "restaurant-recommendation" */;
			buildPhases = (
				6CFECD042C332EA6005B527A /* Sources */,
				6CFECD052C332EA6005B527A /* Frameworks */,
				6CFECD062C332EA6005B527A /* Resources */,
			);
			buildRules = (
			);
			dependencies = (
			);
			name = "restaurant-recommendation";
			productName = "restaurant-recommendation";
			productReference = 6CFECD082C332EA6005B527A /* restaurant-recommendation.app */;
			productType = "com.apple.product-type.application";
		};
		6CFECD172C332EA8005B527A /* restaurant-recommendationTests */ = {
			isa = PBXNativeTarget;
			buildConfigurationList = 6CFECD2F2C332EA8005B527A /* Build configuration list for PBXNativeTarget "restaurant-recommendationTests" */;
			buildPhases = (
				6CFECD142C332EA8005B527A /* Sources */,
				6CFECD152C332EA8005B527A /* Frameworks */,
				6CFECD162C332EA8005B527A /* Resources */,
			);
			buildRules = (
			);
			dependencies = (
				6CFECD1A2C332EA8005B527A /* PBXTargetDependency */,
			);
			name = "restaurant-recommendationTests";
			productName = "restaurant-recommendationTests";
			productReference = 6CFECD182C332EA8005B527A /* restaurant-recommendationTests.xctest */;
			productType = "com.apple.product-type.bundle.unit-test";
		};
		6CFECD212C332EA8005B527A /* restaurant-recommendationUITests */ = {
			isa = PBXNativeTarget;
			buildConfigurationList = 6CFECD322C332EA8005B527A /* Build configuration list for PBXNativeTarget "restaurant-recommendationUITests" */;
			buildPhases = (
				6CFECD1E2C332EA8005B527A /* Sources */,
				6CFECD1F2C332EA8005B527A /* Frameworks */,
				6CFECD202C332EA8005B527A /* Resources */,
			);
			buildRules = (
			);
			dependencies = (
				6CFECD242C332EA8005B527A /* PBXTargetDependency */,
			);
			name = "restaurant-recommendationUITests";
			productName = "restaurant-recommendationUITests";
			productReference = 6CFECD222C332EA8005B527A /* restaurant-recommendationUITests.xctest */;
			productType = "com.apple.product-type.bundle.ui-testing";
		};
/* End PBXNativeTarget section */

/* Begin PBXProject section */
		6CFECD002C332EA6005B527A /* Project object */ = {
			isa = PBXProject;
			attributes = {
				BuildIndependentTargetsInParallel = 1;
				LastSwiftUpdateCheck = 1600;
				LastUpgradeCheck = 1600;
				TargetAttributes = {
					6CFECD072C332EA6005B527A = {
						CreatedOnToolsVersion = 16.0;
					};
					6CFECD172C332EA8005B527A = {
						CreatedOnToolsVersion = 16.0;
						TestTargetID = 6CFECD072C332EA6005B527A;
					};
					6CFECD212C332EA8005B527A = {
						CreatedOnToolsVersion = 16.0;
						TestTargetID = 6CFECD072C332EA6005B527A;
					};
				};
			};
			buildConfigurationList = 6CFECD032C332EA6005B527A /* Build configuration list for PBXProject "restaurant-recommendation" */;
			compatibilityVersion = "Xcode 15.0";
			developmentRegion = en;
			hasScannedForEncodings = 0;
			knownRegions = (
				en,
				Base,
			);
			mainGroup = 6CFECCFF2C332EA6005B527A;
			productRefGroup = 6CFECD092C332EA6005B527A /* Products */;
			projectDirPath = "";
			projectRoot = "";
			targets = (
				6CFECD072C332EA6005B527A /* restaurant-recommendation */,
				6CFECD172C332EA8005B527A /* restaurant-recommendationTests */,
				6CFECD212C332EA8005B527A /* restaurant-recommendationUITests */,
			);
		};
/* End PBXProject section */

/* Begin PBXResourcesBuildPhase section */
		6CFECD062C332EA6005B527A /* Resources */ = {
			isa = PBXResourcesBuildPhase;
			buildActionMask = 2147483647;
			files = (
				6CFECD132C332EA8005B527A /* Preview Assets.xcassets in Resources */,
				6CFECD102C332EA8005B527A /* Assets.xcassets in Resources */,
			);
			runOnlyForDeploymentPostprocessing = 0;
		};
		6CFECD162C332EA8005B527A /* Resources */ = {
			isa = PBXResourcesBuildPhase;
			buildActionMask = 2147483647;
			files = (
			);
			runOnlyForDeploymentPostprocessing = 0;
		};
		6CFECD202C332EA8005B527A /* Resources */ = {
			isa = PBXResourcesBuildPhase;
			buildActionMask = 2147483647;
			files = (
			);
			runOnlyForDeploymentPostprocessing = 0;
		};
/* End PBXResourcesBuildPhase section */

/* Begin PBXSourcesBuildPhase section */
		6CFECD042C332EA6005B527A /* Sources */ = {
			isa = PBXSourcesBuildPhase;
			buildActionMask = 2147483647;
			files = (
				6CFECD0E2C332EA6005B527A /* ContentView.swift in Sources */,
				6CFECD0C2C332EA6005B527A /* restaurant_recommendationApp.swift in Sources */,
			);
			runOnlyForDeploymentPostprocessing = 0;
		};
		6CFECD142C332EA8005B527A /* Sources */ = {
			isa = PBXSourcesBuildPhase;
			buildActionMask = 2147483647;
			files = (
				6CFECD1D2C332EA8005B527A /* restaurant_recommendationTests.swift in Sources */,
			);
			runOnlyForDeploymentPostprocessing = 0;
		};
		6CFECD1E2C332EA8005B527A /* Sources */ = {
			isa = PBXSourcesBuildPhase;
			buildActionMask = 2147483647;
			files = (
				6CFECD292C332EA8005B527A /* restaurant_recommendationUITestsLaunchTests.swift in Sources */,
				6CFECD272C332EA8005B527A /* restaurant_recommendationUITests.swift in Sources */,
			);
			runOnlyForDeploymentPostprocessing = 0;
		};
/* End PBXSourcesBuildPhase section */

/* Begin PBXTargetDependency section */
		6CFECD1A2C332EA8005B527A /* PBXTargetDependency */ = {
			isa = PBXTargetDependency;
			target = 6CFECD072C332EA6005B527A /* restaurant-recommendation */;
			targetProxy = 6CFECD192C332EA8005B527A /* PBXContainerItemProxy */;
		};
		6CFECD242C332EA8005B527A /* PBXTargetDependency */ = {
			isa = PBXTargetDependency;
			target = 6CFECD072C332EA6005B527A /* restaurant-recommendation */;
			targetProxy = 6CFECD232C332EA8005B527A /* PBXContainerItemProxy */;
		};
/* End PBXTargetDependency section */

/* Begin XCBuildConfiguration section */
		6CFECD2A2C332EA8005B527A /* Debug */ = {
			isa = XCBuildConfiguration;
			buildSettings = {
				ALWAYS_SEARCH_USER_PATHS = NO;
				ASSETCATALOG_COMPILER_GENERATE_SWIFT_ASSET_SYMBOL_EXTENSIONS = YES;
				CLANG_ANALYZER_NONNULL = YES;
				CLANG_ANALYZER_NUMBER_OBJECT_CONVERSION = YES_AGGRESSIVE;
				CLANG_CXX_LANGUAGE_STANDARD = "gnu++20";
				CLANG_ENABLE_MODULES = YES;
				CLANG_ENABLE_OBJC_ARC = YES;
				CLANG_ENABLE_OBJC_WEAK = YES;
				CLANG_WARN_BLOCK_CAPTURE_AUTORELEASING = YES;
				CLANG_WARN_BOOL_CONVERSION = YES;
				CLANG_WARN_COMMA = YES;
				CLANG_WARN_CONSTANT_CONVERSION = YES;
				CLANG_WARN_DEPRECATED_OBJC_IMPLEMENTATIONS = YES;
				CLANG_WARN_DIRECT_OBJC_ISA_USAGE = YES_ERROR;
				CLANG_WARN_DOCUMENTATION_COMMENTS = YES;
				CLANG_WARN_EMPTY_BODY = YES;
				CLANG_WARN_ENUM_CONVERSION = YES;
				CLANG_WARN_INFINITE_RECURSION = YES;
				CLANG_WARN_INT_CONVERSION = YES;
				CLANG_WARN_NON_LITERAL_NULL_CONVERSION = YES;
				CLANG_WARN_OBJC_IMPLICIT_RETAIN_SELF = YES;
				CLANG_WARN_OBJC_LITERAL_CONVERSION = YES;
				CLANG_WARN_OBJC_ROOT_CLASS = YES_ERROR;
				CLANG_WARN_QUOTED_INCLUDE_IN_FRAMEWORK_HEADER = YES;
				CLANG_WARN_RANGE_LOOP_ANALYSIS = YES;
				CLANG_WARN_STRICT_PROTOTYPES = YES;
				CLANG_WARN_SUSPICIOUS_MOVE = YES;
				CLANG_WARN_UNGUARDED_AVAILABILITY = YES_AGGRESSIVE;
				CLANG_WARN_UNREACHABLE_CODE = YES;
				CLANG_WARN__DUPLICATE_METHOD_MATCH = YES;
				COPY_PHASE_STRIP = NO;
				DEBUG_INFORMATION_FORMAT = dwarf;
				ENABLE_STRICT_OBJC_MSGSEND = YES;
				ENABLE_TESTABILITY = YES;
				ENABLE_USER_SCRIPT_SANDBOXING = YES;
				GCC_C_LANGUAGE_STANDARD = gnu17;
				GCC_DYNAMIC_NO_PIC = NO;
				GCC_NO_COMMON_BLOCKS = YES;
				GCC_OPTIMIZATION_LEVEL = 0;
				GCC_PREPROCESSOR_DEFINITIONS = (
					"DEBUG=1",
					"$(inherited)",
				);
				GCC_WARN_64_TO_32_BIT_CONVERSION = YES;
				GCC_WARN_ABOUT_RETURN_TYPE = YES_ERROR;
				GCC_WARN_UNDECLARED_SELECTOR = YES;
				GCC_WARN_UNINITIALIZED_AUTOS = YES_AGGRESSIVE;
				GCC_WARN_UNUSED_FUNCTION = YES;
				GCC_WARN_UNUSED_VARIABLE = YES;
				IPHONEOS_DEPLOYMENT_TARGET = 18.0;
				LOCALIZATION_PREFERS_STRING_CATALOGS = YES;
				MTL_ENABLE_DEBUG_INFO = INCLUDE_SOURCE;
				MTL_FAST_MATH = YES;
				ONLY_ACTIVE_ARCH = YES;
				SDKROOT = iphoneos;
				SWIFT_ACTIVE_COMPILATION_CONDITIONS = "DEBUG $(inherited)";
				SWIFT_OPTIMIZATION_LEVEL = "-Onone";
			};
			name = Debug;
		};
		6CFECD2B2C332EA8005B527A /* Release */ = {
			isa = XCBuildConfiguration;
			buildSettings = {
				ALWAYS_SEARCH_USER_PATHS = NO;
				ASSETCATALOG_COMPILER_GENERATE_SWIFT_ASSET_SYMBOL_EXTENSIONS = YES;
				CLANG_ANALYZER_NONNULL = YES;
				CLANG_ANALYZER_NUMBER_OBJECT_CONVERSION = YES_AGGRESSIVE;
				CLANG_CXX_LANGUAGE_STANDARD = "gnu++20";
				CLANG_ENABLE_MODULES = YES;
				CLANG_ENABLE_OBJC_ARC = YES;
				CLANG_ENABLE_OBJC_WEAK = YES;
				CLANG_WARN_BLOCK_CAPTURE_AUTORELEASING = YES;
				CLANG_WARN_BOOL_CONVERSION = YES;
				CLANG_WARN_COMMA = YES;
				CLANG_WARN_CONSTANT_CONVERSION = YES;
				CLANG_WARN_DEPRECATED_OBJC_IMPLEMENTATIONS = YES;
				CLANG_WARN_DIRECT_OBJC_ISA_USAGE = YES_ERROR;
				CLANG_WARN_DOCUMENTATION_COMMENTS = YES;
				CLANG_WARN_EMPTY_BODY = YES;
				CLANG_WARN_ENUM_CONVERSION = YES;
				CLANG_WARN_INFINITE_RECURSION = YES;
				CLANG_WARN_INT_CONVERSION = YES;
				CLANG_WARN_NON_LITERAL_NULL_CONVERSION = YES;
				CLANG_WARN_OBJC_IMPLICIT_RETAIN_SELF = YES;
				CLANG_WARN_OBJC_LITERAL_CONVERSION = YES;
				CLANG_WARN_OBJC_ROOT_CLASS = YES_ERROR;
				CLANG_WARN_QUOTED_INCLUDE_IN_FRAMEWORK_HEADER = YES;
				CLANG_WARN_RANGE_LOOP_ANALYSIS = YES;
				CLANG_WARN_STRICT_PROTOTYPES = YES;
				CLANG_WARN_SUSPICIOUS_MOVE = YES;
				CLANG_WARN_UNGUARDED_AVAILABILITY = YES_AGGRESSIVE;
				CLANG_WARN_UNREACHABLE_CODE = YES;
				CLANG_WARN__DUPLICATE_METHOD_MATCH = YES;
				COPY_PHASE_STRIP = NO;
				DEBUG_INFORMATION_FORMAT = "dwarf-with-dsym";
				ENABLE_NS_ASSERTIONS = NO;
				ENABLE_STRICT_OBJC_MSGSEND = YES;
				ENABLE_USER_SCRIPT_SANDBOXING = YES;
				GCC_C_LANGUAGE_STANDARD = gnu17;
				GCC_NO_COMMON_BLOCKS = YES;
				GCC_WARN_64_TO_32_BIT_CONVERSION = YES;
				GCC_WARN_ABOUT_RETURN_TYPE = YES_ERROR;
				GCC_WARN_UNDECLARED_SELECTOR = YES;
				GCC_WARN_UNINITIALIZED_AUTOS = YES_AGGRESSIVE;
				GCC_WARN_UNUSED_FUNCTION = YES;
				GCC_WARN_UNUSED_VARIABLE = YES;
				IPHONEOS_DEPLOYMENT_TARGET = 18.0;
				LOCALIZATION_PREFERS_STRING_CATALOGS = YES;
				MTL_ENABLE_DEBUG_INFO = NO;
				MTL_FAST_MATH = YES;
				SDKROOT = iphoneos;
				SWIFT_COMPILATION_MODE = wholemodule;
				VALIDATE_PRODUCT = YES;
			};
			name = Release;
		};
		6CFECD2D2C332EA8005B527A /* Debug */ = {
			isa = XCBuildConfiguration;
			buildSettings = {
				ASSETCATALOG_COMPILER_APPICON_NAME = AppIcon;
				ASSETCATALOG_COMPILER_GLOBAL_ACCENT_COLOR_NAME = AccentColor;
				CODE_SIGN_STYLE = Automatic;
				CURRENT_PROJECT_VERSION = 1;
				DEVELOPMENT_ASSET_PATHS = "\"restaurant-recommendation/Preview Content\"";
				ENABLE_PREVIEWS = YES;
				GENERATE_INFOPLIST_FILE = YES;
				INFOPLIST_KEY_UIApplicationSceneManifest_Generation = YES;
				INFOPLIST_KEY_UIApplicationSupportsIndirectInputEvents = YES;
				INFOPLIST_KEY_UILaunchScreen_Generation = YES;
				INFOPLIST_KEY_UISupportedInterfaceOrientations_iPad = "UIInterfaceOrientationPortrait UIInterfaceOrientationPortraitUpsideDown UIInterfaceOrientationLandscapeLeft UIInterfaceOrientationLandscapeRight";
				INFOPLIST_KEY_UISupportedInterfaceOrientations_iPhone = "UIInterfaceOrientationPortrait UIInterfaceOrientationLandscapeLeft UIInterfaceOrientationLandscapeRight";
				LD_RUNPATH_SEARCH_PATHS = (
					"$(inherited)",
					"@executable_path/Frameworks",
				);
				MARKETING_VERSION = 1.0;
				PRODUCT_BUNDLE_IDENTIFIER = "personal.restaurant-recommendation";
				PRODUCT_NAME = "$(TARGET_NAME)";
				SWIFT_EMIT_LOC_STRINGS = YES;
				SWIFT_VERSION = 5.0;
				TARGETED_DEVICE_FAMILY = "1,2";
			};
			name = Debug;
		};
		6CFECD2E2C332EA8005B527A /* Release */ = {
			isa = XCBuildConfiguration;
			buildSettings = {
				ASSETCATALOG_COMPILER_APPICON_NAME = AppIcon;
				ASSETCATALOG_COMPILER_GLOBAL_ACCENT_COLOR_NAME = AccentColor;
				CODE_SIGN_STYLE = Automatic;
				CURRENT_PROJECT_VERSION = 1;
				DEVELOPMENT_ASSET_PATHS = "\"restaurant-recommendation/Preview Content\"";
				ENABLE_PREVIEWS = YES;
				GENERATE_INFOPLIST_FILE = YES;
				INFOPLIST_KEY_UIApplicationSceneManifest_Generation = YES;
				INFOPLIST_KEY_UIApplicationSupportsIndirectInputEvents = YES;
				INFOPLIST_KEY_UILaunchScreen_Generation = YES;
				INFOPLIST_KEY_UISupportedInterfaceOrientations_iPad = "UIInterfaceOrientationPortrait UIInterfaceOrientationPortraitUpsideDown UIInterfaceOrientationLandscapeLeft UIInterfaceOrientationLandscapeRight";
				INFOPLIST_KEY_UISupportedInterfaceOrientations_iPhone = "UIInterfaceOrientationPortrait UIInterfaceOrientationLandscapeLeft UIInterfaceOrientationLandscapeRight";
				LD_RUNPATH_SEARCH_PATHS = (
					"$(inherited)",
					"@executable_path/Frameworks",
				);
				MARKETING_VERSION = 1.0;
				PRODUCT_BUNDLE_IDENTIFIER = "personal.restaurant-recommendation";
				PRODUCT_NAME = "$(TARGET_NAME)";
				SWIFT_EMIT_LOC_STRINGS = YES;
				SWIFT_VERSION = 5.0;
				TARGETED_DEVICE_FAMILY = "1,2";
			};
			name = Release;
		};
		6CFECD302C332EA8005B527A /* Debug */ = {
			isa = XCBuildConfiguration;
			buildSettings = {
				BUNDLE_LOADER = "$(TEST_HOST)";
				CODE_SIGN_STYLE = Automatic;
				CURRENT_PROJECT_VERSION = 1;
				GENERATE_INFOPLIST_FILE = YES;
				IPHONEOS_DEPLOYMENT_TARGET = 18.0;
				MARKETING_VERSION = 1.0;
				PRODUCT_BUNDLE_IDENTIFIER = "personal.restaurant-recommendationTests";
				PRODUCT_NAME = "$(TARGET_NAME)";
				SWIFT_EMIT_LOC_STRINGS = NO;
				SWIFT_VERSION = 5.0;
				TARGETED_DEVICE_FAMILY = "1,2";
				TEST_HOST = "$(BUILT_PRODUCTS_DIR)/restaurant-recommendation.app/$(BUNDLE_EXECUTABLE_FOLDER_PATH)/restaurant-recommendation";
			};
			name = Debug;
		};
		6CFECD312C332EA8005B527A /* Release */ = {
			isa = XCBuildConfiguration;
			buildSettings = {
				BUNDLE_LOADER = "$(TEST_HOST)";
				CODE_SIGN_STYLE = Automatic;
				CURRENT_PROJECT_VERSION = 1;
				GENERATE_INFOPLIST_FILE = YES;
				IPHONEOS_DEPLOYMENT_TARGET = 18.0;
				MARKETING_VERSION = 1.0;
				PRODUCT_BUNDLE_IDENTIFIER = "personal.restaurant-recommendationTests";
				PRODUCT_NAME = "$(TARGET_NAME)";
				SWIFT_EMIT_LOC_STRINGS = NO;
				SWIFT_VERSION = 5.0;
				TARGETED_DEVICE_FAMILY = "1,2";
				TEST_HOST = "$(BUILT_PRODUCTS_DIR)/restaurant-recommendation.app/$(BUNDLE_EXECUTABLE_FOLDER_PATH)/restaurant-recommendation";
			};
			name = Release;
		};
		6CFECD332C332EA8005B527A /* Debug */ = {
			isa = XCBuildConfiguration;
			buildSettings = {
				CODE_SIGN_STYLE = Automatic;
				CURRENT_PROJECT_VERSION = 1;
				GENERATE_INFOPLIST_FILE = YES;
				MARKETING_VERSION = 1.0;
				PRODUCT_BUNDLE_IDENTIFIER = "personal.restaurant-recommendationUITests";
				PRODUCT_NAME = "$(TARGET_NAME)";
				SWIFT_EMIT_LOC_STRINGS = NO;
				SWIFT_VERSION = 5.0;
				TARGETED_DEVICE_FAMILY = "1,2";
				TEST_TARGET_NAME = "restaurant-recommendation";
			};
			name = Debug;
		};
		6CFECD342C332EA8005B527A /* Release */ = {
			isa = XCBuildConfiguration;
			buildSettings = {
				CODE_SIGN_STYLE = Automatic;
				CURRENT_PROJECT_VERSION = 1;
				GENERATE_INFOPLIST_FILE = YES;
				MARKETING_VERSION = 1.0;
				PRODUCT_BUNDLE_IDENTIFIER = "personal.restaurant-recommendationUITests";
				PRODUCT_NAME = "$(TARGET_NAME)";
				SWIFT_EMIT_LOC_STRINGS = NO;
				SWIFT_VERSION = 5.0;
				TARGETED_DEVICE_FAMILY = "1,2";
				TEST_TARGET_NAME = "restaurant-recommendation";
			};
			name = Release;
		};
/* End XCBuildConfiguration section */

/* Begin XCConfigurationList section */
		6CFECD032C332EA6005B527A /* Build configuration list for PBXProject "restaurant-recommendation" */ = {
			isa = XCConfigurationList;
			buildConfigurations = (
				6CFECD2A2C332EA8005B527A /* Debug */,
				6CFECD2B2C332EA8005B527A /* Release */,
			);
			defaultConfigurationIsVisible = 0;
			defaultConfigurationName = Release;
		};
		6CFECD2C2C332EA8005B527A /* Build configuration list for PBXNativeTarget "restaurant-recommendation" */ = {
			isa = XCConfigurationList;
			buildConfigurations = (
				6CFECD2D2C332EA8005B527A /* Debug */,
				6CFECD2E2C332EA8005B527A /* Release */,
			);
			defaultConfigurationIsVisible = 0;
			defaultConfigurationName = Release;
		};
		6CFECD2F2C332EA8005B527A /* Build configuration list for PBXNativeTarget "restaurant-recommendationTests" */ = {
			isa = XCConfigurationList;
			buildConfigurations = (
				6CFECD302C332EA8005B527A /* Debug */,
				6CFECD312C332EA8005B527A /* Release */,
			);
			defaultConfigurationIsVisible = 0;
			defaultConfigurationName = Release;
		};
		6CFECD322C332EA8005B527A /* Build configuration list for PBXNativeTarget "restaurant-recommendationUITests" */ = {
			isa = XCConfigurationList;
			buildConfigurations = (
				6CFECD332C332EA8005B527A /* Debug */,
				6CFECD342C332EA8005B527A /* Release */,
			);
			defaultConfigurationIsVisible = 0;
			defaultConfigurationName = Release;
		};
/* End XCConfigurationList section */
	};
	rootObject = 6CFECD002C332EA6005B527A /* Project object */;
}
